
Microsoft Visual Studio Solution File, Format Version 12.00
# Visual Studio Version 16
VisualStudioVersion = 16.0.31205.134
MinimumVisualStudioVersion = 10.0.40219.1
Project("{9A19103F-16F7-4668-BE54-9A1E7A4F7556}") = "Sky multi", "Sky multi\Sky multi.csproj", "{A3931537-D7C7-47C8-9874-B06739BAEF5E}"
EndProject
Project("{9A19103F-16F7-4668-BE54-9A1E7A4F7556}") = "Sky multi Core", "Sky multi Core\Sky multi Core.csproj", "{19187C23-75FD-4572-9A75-6C91129487A5}"
EndProject
Project("{9A19103F-16F7-4668-BE54-9A1E7A4F7556}") = "Sky multi Viewer", "Sky multi Viewer\Sky multi Viewer.csproj", "{B61E0E83-F1B0-4623-949C-4677949CD41F}"
EndProject
Project("{9A19103F-16F7-4668-BE54-9A1E7A4F7556}") = "Sky UI", "..\Sky UI\Sky UI\Sky UI.csproj", "{C160AD7A-0745-4262-A0CB-68C72D9728BA}"
EndProject
Project("{9A19103F-16F7-4668-BE54-9A1E7A4F7556}") = "Sky Updater", "..\Sky Updater\Sky Updater\Sky Updater.csproj", "{80A59CF0-C727-41E7-BF1A-8C19E00179E4}"
EndProject
Global
	GlobalSection(SolutionConfigurationPlatforms) = preSolution
		Debug|Any CPU = Debug|Any CPU
		Debug|ARM64 = Debug|ARM64
		Debug|x64 = Debug|x64
		Debug|x86 = Debug|x86
		Release|Any CPU = Release|Any CPU
		Release|ARM64 = Release|ARM64
		Release|x64 = Release|x64
		Release|x86 = Release|x86
	EndGlobalSection
	GlobalSection(ProjectConfigurationPlatforms) = postSolution
		{A3931537-D7C7-47C8-9874-B06739BAEF5E}.Debug|Any CPU.ActiveCfg = Debug|Any CPU
		{A3931537-D7C7-47C8-9874-B06739BAEF5E}.Debug|Any CPU.Build.0 = Debug|Any CPU
		{A3931537-D7C7-47C8-9874-B06739BAEF5E}.Debug|ARM64.ActiveCfg = Debug|ARM64
		{A3931537-D7C7-47C8-9874-B06739BAEF5E}.Debug|ARM64.Build.0 = Debug|ARM64
		{A3931537-D7C7-47C8-9874-B06739BAEF5E}.Debug|x64.ActiveCfg = Debug|x64
		{A3931537-D7C7-47C8-9874-B06739BAEF5E}.Debug|x64.Build.0 = Debug|x64
		{A3931537-D7C7-47C8-9874-B06739BAEF5E}.Debug|x86.ActiveCfg = Debug|x86
		{A3931537-D7C7-47C8-9874-B06739BAEF5E}.Debug|x86.Build.0 = Debug|x86
		{A3931537-D7C7-47C8-9874-B06739BAEF5E}.Release|Any CPU.ActiveCfg = Release|Any CPU
		{A3931537-D7C7-47C8-9874-B06739BAEF5E}.Release|Any CPU.Build.0 = Release|Any CPU
		{A3931537-D7C7-47C8-9874-B06739BAEF5E}.Release|ARM64.ActiveCfg = Release|ARM64
		{A3931537-D7C7-47C8-9874-B06739BAEF5E}.Release|ARM64.Build.0 = Release|ARM64
		{A3931537-D7C7-47C8-9874-B06739BAEF5E}.Release|x64.ActiveCfg = Release|x64
		{A3931537-D7C7-47C8-9874-B06739BAEF5E}.Release|x64.Build.0 = Release|x64
		{A3931537-D7C7-47C8-9874-B06739BAEF5E}.Release|x86.ActiveCfg = Release|x86
		{A3931537-D7C7-47C8-9874-B06739BAEF5E}.Release|x86.Build.0 = Release|x86
		{19187C23-75FD-4572-9A75-6C91129487A5}.Debug|Any CPU.ActiveCfg = Debug|Any CPU
		{19187C23-75FD-4572-9A75-6C91129487A5}.Debug|Any CPU.Build.0 = Debug|Any CPU
		{19187C23-75FD-4572-9A75-6C91129487A5}.Debug|ARM64.ActiveCfg = Debug|ARM64
		{19187C23-75FD-4572-9A75-6C91129487A5}.Debug|ARM64.Build.0 = Debug|ARM64
		{19187C23-75FD-4572-9A75-6C91129487A5}.Debug|x64.ActiveCfg = Debug|x64
		{19187C23-75FD-4572-9A75-6C91129487A5}.Debug|x64.Build.0 = Debug|x64
		{19187C23-75FD-4572-9A75-6C91129487A5}.Debug|x86.ActiveCfg = Debug|x86
		{19187C23-75FD-4572-9A75-6C91129487A5}.Debug|x86.Build.0 = Debug|x86
		{19187C23-75FD-4572-9A75-6C91129487A5}.Release|Any CPU.ActiveCfg = Release|Any CPU
		{19187C23-75FD-4572-9A75-6C91129487A5}.Release|Any CPU.Build.0 = Release|Any CPU
		{19187C23-75FD-4572-9A75-6C91129487A5}.Release|ARM64.ActiveCfg = Release|ARM64
		{19187C23-75FD-4572-9A75-6C91129487A5}.Release|ARM64.Build.0 = Release|ARM64
		{19187C23-75FD-4572-9A75-6C91129487A5}.Release|x64.ActiveCfg = Release|x64
		{19187C23-75FD-4572-9A75-6C91129487A5}.Release|x64.Build.0 = Release|x64
		{19187C23-75FD-4572-9A75-6C91129487A5}.Release|x86.ActiveCfg = Release|x86
		{19187C23-75FD-4572-9A75-6C91129487A5}.Release|x86.Build.0 = Release|x86
		{B61E0E83-F1B0-4623-949C-4677949CD41F}.Debug|Any CPU.ActiveCfg = Debug|Any CPU
		{B61E0E83-F1B0-4623-949C-4677949CD41F}.Debug|Any CPU.Build.0 = Debug|Any CPU
		{B61E0E83-F1B0-4623-949C-4677949CD41F}.Debug|ARM64.ActiveCfg = Debug|ARM64
		{B61E0E83-F1B0-4623-949C-4677949CD41F}.Debug|ARM64.Build.0 = Debug|ARM64
		{B61E0E83-F1B0-4623-949C-4677949CD41F}.Debug|x64.ActiveCfg = Debug|x64
		{B61E0E83-F1B0-4623-949C-4677949CD41F}.Debug|x64.Build.0 = Debug|x64
		{B61E0E83-F1B0-4623-949C-4677949CD41F}.Debug|x86.ActiveCfg = Debug|x86
		{B61E0E83-F1B0-4623-949C-4677949CD41F}.Debug|x86.Build.0 = Debug|x86
		{B61E0E83-F1B0-4623-949C-4677949CD41F}.Release|Any CPU.ActiveCfg = Release|Any CPU
		{B61E0E83-F1B0-4623-949C-4677949CD41F}.Release|Any CPU.Build.0 = Release|Any CPU
		{B61E0E83-F1B0-4623-949C-4677949CD41F}.Release|ARM64.ActiveCfg = Release|ARM64
		{B61E0E83-F1B0-4623-949C-4677949CD41F}.Release|ARM64.Build.0 = Release|ARM64
		{B61E0E83-F1B0-4623-949C-4677949CD41F}.Release|x64.ActiveCfg = Release|x64
		{B61E0E83-F1B0-4623-949C-4677949CD41F}.Release|x64.Build.0 = Release|x64
		{B61E0E83-F1B0-4623-949C-4677949CD41F}.Release|x86.ActiveCfg = Release|x86
		{B61E0E83-F1B0-4623-949C-4677949CD41F}.Release|x86.Build.0 = Release|x86
		{C160AD7A-0745-4262-A0CB-68C72D9728BA}.Debug|Any CPU.ActiveCfg = Debug|Any CPU
		{C160AD7A-0745-4262-A0CB-68C72D9728BA}.Debug|Any CPU.Build.0 = Debug|Any CPU
		{C160AD7A-0745-4262-A0CB-68C72D9728BA}.Debug|ARM64.ActiveCfg = Debug|ARM64
		{C160AD7A-0745-4262-A0CB-68C72D9728BA}.Debug|ARM64.Build.0 = Debug|ARM64
		{C160AD7A-0745-4262-A0CB-68C72D9728BA}.Debug|x64.ActiveCfg = Debug|x64
		{C160AD7A-0745-4262-A0CB-68C72D9728BA}.Debug|x64.Build.0 = Debug|x64
		{C160AD7A-0745-4262-A0CB-68C72D9728BA}.Debug|x86.ActiveCfg = Debug|x86
		{C160AD7A-0745-4262-A0CB-68C72D9728BA}.Debug|x86.Build.0 = Debug|x86
		{C160AD7A-0745-4262-A0CB-68C72D9728BA}.Release|Any CPU.ActiveCfg = Release|Any CPU
		{C160AD7A-0745-4262-A0CB-68C72D9728BA}.Release|Any CPU.Build.0 = Release|Any CPU
		{C160AD7A-0745-4262-A0CB-68C72D9728BA}.Release|ARM64.ActiveCfg = Release|ARM64
		{C160AD7A-0745-4262-A0CB-68C72D9728BA}.Release|ARM64.Build.0 = Release|ARM64
		{C160AD7A-0745-4262-A0CB-68C72D9728BA}.Release|x64.ActiveCfg = Release|x64
		{C160AD7A-0745-4262-A0CB-68C72D9728BA}.Release|x64.Build.0 = Release|x64
		{C160AD7A-0745-4262-A0CB-68C72D9728BA}.Release|x86.ActiveCfg = Release|x86
		{C160AD7A-0745-4262-A0CB-68C72D9728BA}.Release|x86.Build.0 = Release|x86
		{80A59CF0-C727-41E7-BF1A-8C19E00179E4}.Debug|Any CPU.ActiveCfg = Debug|Any CPU
		{80A59CF0-C727-41E7-BF1A-8C19E00179E4}.Debug|Any CPU.Build.0 = Debug|Any CPU
		{80A59CF0-C727-41E7-BF1A-8C19E00179E4}.Debug|ARM64.ActiveCfg = Debug|Any CPU
		{80A59CF0-C727-41E7-BF1A-8C19E00179E4}.Debug|ARM64.Build.0 = Debug|Any CPU
		{80A59CF0-C727-41E7-BF1A-8C19E00179E4}.Debug|x64.ActiveCfg = Debug|x64
		{80A59CF0-C727-41E7-BF1A-8C19E00179E4}.Debug|x64.Build.0 = Debug|x64
		{80A59CF0-C727-41E7-BF1A-8C19E00179E4}.Debug|x86.ActiveCfg = Debug|x86
		{80A59CF0-C727-41E7-BF1A-8C19E00179E4}.Debug|x86.Build.0 = Debug|x86
		{80A59CF0-C727-41E7-BF1A-8C19E00179E4}.Release|Any CPU.ActiveCfg = Release|Any CPU
		{80A59CF0-C727-41E7-BF1A-8C19E00179E4}.Release|Any CPU.Build.0 = Release|Any CPU
		{80A59CF0-C727-41E7-BF1A-8C19E00179E4}.Release|ARM64.ActiveCfg = Release|Any CPU
		{80A59CF0-C727-41E7-BF1A-8C19E00179E4}.Release|ARM64.Build.0 = Release|Any CPU
		{80A59CF0-C727-41E7-BF1A-8C19E00179E4}.Release|x64.ActiveCfg = Release|x64
		{80A59CF0-C727-41E7-BF1A-8C19E00179E4}.Release|x64.Build.0 = Release|x64
		{80A59CF0-C727-41E7-BF1A-8C19E00179E4}.Release|x86.ActiveCfg = Release|x86
		{80A59CF0-C727-41E7-BF1A-8C19E00179E4}.Release|x86.Build.0 = Release|x86
	EndGlobalSection
	GlobalSection(SolutionProperties) = preSolution
		HideSolutionNode = FALSE
	EndGlobalSection
	GlobalSection(ExtensibilityGlobals) = postSolution
		SolutionGuid = {EAD91CC0-22FE-4EE3-8322-D5D98F8FF14C}
	EndGlobalSection
EndGlobal
